
Microsoft Visual Studio Solution File, Format Version 12.00
# Visual Studio 2013
VisualStudioVersion = 12.0.31101.0
MinimumVisualStudioVersion = 10.0.40219.1
Project("{FAE04EC0-301F-11D3-BF4B-00C04F79EFBC}") = "Lib", "Lib\Lib.csproj", "{5FBF8B2B-F540-4B9F-82F3-39FA12B65F1D}"
EndProject
Project("{FAE04EC0-301F-11D3-BF4B-00C04F79EFBC}") = "ConsoleWorkWithLib", "ConsoleWorkWithLib\ConsoleWorkWithLib.csproj", "{2F7099FE-03D8-4152-9B8E-9190B422419D}"
EndProject
Global
	GlobalSection(SolutionConfigurationPlatforms) = preSolution
		Debug|Any CPU = Debug|Any CPU
		Release|Any CPU = Release|Any CPU
	EndGlobalSection
	GlobalSection(ProjectConfigurationPlatforms) = postSolution
		{5FBF8B2B-F540-4B9F-82F3-39FA12B65F1D}.Debug|Any CPU.ActiveCfg = Debug|Any CPU
		{5FBF8B2B-F540-4B9F-82F3-39FA12B65F1D}.Debug|Any CPU.Build.0 = Debug|Any CPU
		{5FBF8B2B-F540-4B9F-82F3-39FA12B65F1D}.Release|Any CPU.ActiveCfg = Release|Any CPU
		{5FBF8B2B-F540-4B9F-82F3-39FA12B65F1D}.Release|Any CPU.Build.0 = Release|Any CPU
		{2F7099FE-03D8-4152-9B8E-9190B422419D}.Debug|Any CPU.ActiveCfg = Debug|Any CPU
		{2F7099FE-03D8-4152-9B8E-9190B422419D}.Debug|Any CPU.Build.0 = Debug|Any CPU
		{2F7099FE-03D8-4152-9B8E-9190B422419D}.Release|Any CPU.ActiveCfg = Release|Any CPU
		{2F7099FE-03D8-4152-9B8E-9190B422419D}.Release|Any CPU.Build.0 = Release|Any CPU
	EndGlobalSection
	GlobalSection(SolutionProperties) = preSolution
		HideSolutionNode = FALSE
	EndGlobalSection
EndGlobal
